
Microsoft Visual Studio Solution File, Format Version 12.00
# Visual Studio Version 17
VisualStudioVersion = 17.3.32929.385
MinimumVisualStudioVersion = 10.0.40219.1
Project("{9A19103F-16F7-4668-BE54-9A1E7A4F7556}") = "ECommerce", "ECommerce\ECommerce.csproj", "{61764E41-8663-494D-AB8B-5B7DADCB62C9}"
EndProject
Project("{FAE04EC0-301F-11D3-BF4B-00C04F79EFBC}") = "Infrastructure", "Infrastructure\Infrastructure.csproj", "{909B676A-3B59-47DE-B642-46652F81329C}"
EndProject
Global
	GlobalSection(SolutionConfigurationPlatforms) = preSolution
		Debug|Any CPU = Debug|Any CPU
		Release|Any CPU = Release|Any CPU
	EndGlobalSection
	GlobalSection(ProjectConfigurationPlatforms) = postSolution
		{61764E41-8663-494D-AB8B-5B7DADCB62C9}.Debug|Any CPU.ActiveCfg = Debug|Any CPU
		{61764E41-8663-494D-AB8B-5B7DADCB62C9}.Debug|Any CPU.Build.0 = Debug|Any CPU
		{61764E41-8663-494D-AB8B-5B7DADCB62C9}.Release|Any CPU.ActiveCfg = Release|Any CPU
		{61764E41-8663-494D-AB8B-5B7DADCB62C9}.Release|Any CPU.Build.0 = Release|Any CPU
		{909B676A-3B59-47DE-B642-46652F81329C}.Debug|Any CPU.ActiveCfg = Debug|Any CPU
		{909B676A-3B59-47DE-B642-46652F81329C}.Debug|Any CPU.Build.0 = Debug|Any CPU
		{909B676A-3B59-47DE-B642-46652F81329C}.Release|Any CPU.ActiveCfg = Release|Any CPU
		{909B676A-3B59-47DE-B642-46652F81329C}.Release|Any CPU.Build.0 = Release|Any CPU
	EndGlobalSection
	GlobalSection(SolutionProperties) = preSolution
		HideSolutionNode = FALSE
	EndGlobalSection
	GlobalSection(ExtensibilityGlobals) = postSolution
		SolutionGuid = {5D051526-66C3-4268-A9A1-25B4ECBE4481}
	EndGlobalSection
EndGlobal
